
Microsoft Visual Studio Solution File, Format Version 12.00
# Visual Studio 2013
VisualStudioVersion = 12.0.21005.1
MinimumVisualStudioVersion = 10.0.40219.1
Project("{FAE04EC0-301F-11D3-BF4B-00C04F79EFBC}") = "OneGet.PowerShell.Module", "OneGet.PowerShell.Module\OneGet.PowerShell.Module.csproj", "{F2133AC2-39DD-4321-A3B1-8BDBCDFF743E}"
	ProjectSection(ProjectDependencies) = postProject
		{EBEB46B5-3683-4D9F-939B-B1B2BBEEA369} = {EBEB46B5-3683-4D9F-939B-B1B2BBEEA369}
	EndProjectSection
EndProject
Project("{FAE04EC0-301F-11D3-BF4B-00C04F79EFBC}") = "OneGet.Core", "OneGet.Core\OneGet.Core.csproj", "{7044B856-6D51-498F-90F9-01F219909F79}"
EndProject
Project("{FAE04EC0-301F-11D3-BF4B-00C04F79EFBC}") = "OneGet.Utility", "OneGet.Utility\OneGet.Utility.csproj", "{7044B856-6D51-498F-8192-01F219908192}"
EndProject
Project("{FAE04EC0-301F-11D3-BF4B-00C04F79EFBC}") = "MetaProvider.Powershell", "MetaProvider.Powershell\MetaProvider.Powershell.csproj", "{EBEB46B5-3683-4D9F-939B-B1B2BBEEA369}"
EndProject
Project("{FAE04EC0-301F-11D3-BF4B-00C04F79EFBC}") = "OneGet.Test", "OneGet.Test\OneGet.Test.csproj", "{B953E5C8-ECBB-489E-A5A4-6AC64ABDCB2E}"
EndProject
Project("{FAE04EC0-301F-11D3-BF4B-00C04F79EFBC}") = "ServiceProvider.Common", "ServiceProvider.Common\ServiceProvider.Common.csproj", "{AA5B27C8-1047-4088-8602-B4B151973118}"
EndProject
Project("{FAE04EC0-301F-11D3-BF4B-00C04F79EFBC}") = "PackageProvider.Test", "PackageProvider.Test\PackageProvider.Test.csproj", "{2270C018-364A-47DD-BC2E-0095C8E8DEAF}"
EndProject
Project("{FAE04EC0-301F-11D3-BF4B-00C04F79EFBC}") = "ServiceProvider.Test", "ServiceProvider.Test\ServiceProvider.Test.csproj", "{8A7E33BF-1AC2-432D-BD5C-976D8386FD97}"
EndProject
Project("{2150E333-8FDC-42A3-9474-1A3956D46DE8}") = "Test", "Test", "{36DAFA4E-0F8B-45BA-B5A8-8382E79316C1}"
EndProject
Project("{FAE04EC0-301F-11D3-BF4B-00C04F79EFBC}") = "OneGet.Utility.PowerShell", "OneGet.Utility.PowerShell\OneGet.Utility.PowerShell.csproj", "{3F9D75F9-A4AD-46C1-8937-B55604E8D5D9}"
EndProject
Project("{FAE04EC0-301F-11D3-BF4B-00C04F79EFBC}") = "PackageProvider.Template", "PackageProvider.Template\PackageProvider.Template.csproj", "{26CC7D7C-A1BC-4A11-9DC9-FB18904CA937}"
EndProject
Project("{FAE04EC0-301F-11D3-BF4B-00C04F79EFBC}") = "ServiceProvider.Template", "ServiceProvider.Template\ServiceProvider.Template.csproj", "{5470580D-5B9D-4667-8587-4A3E76EBA7C5}"
EndProject
Project("{2150E333-8FDC-42A3-9474-1A3956D46DE8}") = "Template", "Template", "{870C66B4-8876-4714-B3C4-10BF4456779A}"
EndProject
Project("{2150E333-8FDC-42A3-9474-1A3956D46DE8}") = "Plugin", "Plugin", "{34AC81D5-D41C-48C3-8779-CD79700E1E63}"
EndProject
Project("{FAE04EC0-301F-11D3-BF4B-00C04F79EFBC}") = "CustomCodeGenerator", "CustomCodeGenerator\CustomCodeGenerator.csproj", "{24112707-FFAD-466A-85B1-424C0F856A4B}"
EndProject
Project("{FAE04EC0-301F-11D3-BF4B-00C04F79EFBC}") = "PackageProvider.Bootstrap", "PackageProvider.Bootstrap\PackageProvider.Bootstrap.csproj", "{275D3B21-40CC-4DAF-A363-E00D5A712617}"
EndProject
Project("{FAE04EC0-301F-11D3-BF4B-00C04F79EFBC}") = "OneGet.PowerShell.Module.Test", "OneGet.PowerShell.Module.Test\OneGet.PowerShell.Module.Test.csproj", "{8AC045FA-7375-4D7D-BDD3-D56E9B7E1E34}"
EndProject
Project("{2150E333-8FDC-42A3-9474-1A3956D46DE8}") = "NuGet", "NuGet", "{299D82C3-D301-4ACC-B008-546B86DF005B}"
EndProject
Project("{FAE04EC0-301F-11D3-BF4B-00C04F79EFBC}") = "Core", "nuget\src\Core\Core.csproj", "{F879F274-EFA0-4157-8404-33A19B4E6AEC}"
EndProject
Project("{FAE04EC0-301F-11D3-BF4B-00C04F79EFBC}") = "CommandLine", "nuget\src\CommandLine\CommandLine.csproj", "{B34A6632-E627-4B66-8E0A-D2DA3BC96893}"
EndProject
Project("{2150E333-8FDC-42A3-9474-1A3956D46DE8}") = "tests", "tests", "{F1E146F1-2FF9-4F7B-B758-7AE6E7C5CB1F}"
EndProject
Project("{FAE04EC0-301F-11D3-BF4B-00C04F79EFBC}") = "Core.Test", "nuget\test\Core.Test\Core.Test.csproj", "{D3106412-E3AF-4CB6-B6D3-3664465B491F}"
EndProject
Project("{FAE04EC0-301F-11D3-BF4B-00C04F79EFBC}") = "CommandLine.Test", "nuget\test\CommandLine.Test\CommandLine.Test.csproj", "{5376E601-D111-4198-8BC2-F1118433CC83}"
EndProject
Project("{FAE04EC0-301F-11D3-BF4B-00C04F79EFBC}") = "Test.Integration", "nuget\test\Test.Integration\Test.Integration.csproj", "{135A5956-39CD-495C-8FB2-06678A90488D}"
EndProject
Project("{FAE04EC0-301F-11D3-BF4B-00C04F79EFBC}") = "Test.Utility", "nuget\test\Test.Utility\Test.Utility.csproj", "{F016882A-C798-4446-BB75-D3C393A38B32}"
EndProject
Project("{2150E333-8FDC-42A3-9474-1A3956D46DE8}") = ".nuget", ".nuget", "{4E7ADF30-D730-4696-B372-E2B51A11C4C1}"
	ProjectSection(SolutionItems) = preProject
		.nuget\NuGet.Config = .nuget\NuGet.Config
		.nuget\NuGet.exe = .nuget\NuGet.exe
		.nuget\NuGet.targets = .nuget\NuGet.targets
	EndProjectSection
EndProject
Project("{FAE04EC0-301F-11D3-BF4B-00C04F79EFBC}") = "xUnitExtensions", "xUnitExtensions\xUnitExtensions.csproj", "{D194D84B-B4FA-4BC8-AC16-B9AD341D4779}"
EndProject
Global
	GlobalSection(SolutionConfigurationPlatforms) = preSolution
		Coverage|Any CPU = Coverage|Any CPU
		Coverage|Mixed Platforms = Coverage|Mixed Platforms
		Coverage|x86 = Coverage|x86
		Debug|Any CPU = Debug|Any CPU
		Debug|Mixed Platforms = Debug|Mixed Platforms
		Debug|x86 = Debug|x86
		Mono Debug|Any CPU = Mono Debug|Any CPU
		Mono Debug|Mixed Platforms = Mono Debug|Mixed Platforms
		Mono Debug|x86 = Mono Debug|x86
		Mono Release|Any CPU = Mono Release|Any CPU
		Mono Release|Mixed Platforms = Mono Release|Mixed Platforms
		Mono Release|x86 = Mono Release|x86
		Release|Any CPU = Release|Any CPU
		Release|Mixed Platforms = Release|Mixed Platforms
		Release|x86 = Release|x86
	EndGlobalSection
	GlobalSection(ProjectConfigurationPlatforms) = postSolution
		{F2133AC2-39DD-4321-A3B1-8BDBCDFF743E}.Coverage|Any CPU.ActiveCfg = Release|Any CPU
		{F2133AC2-39DD-4321-A3B1-8BDBCDFF743E}.Coverage|Any CPU.Build.0 = Release|Any CPU
		{F2133AC2-39DD-4321-A3B1-8BDBCDFF743E}.Coverage|Mixed Platforms.ActiveCfg = Release|Any CPU
		{F2133AC2-39DD-4321-A3B1-8BDBCDFF743E}.Coverage|Mixed Platforms.Build.0 = Release|Any CPU
		{F2133AC2-39DD-4321-A3B1-8BDBCDFF743E}.Coverage|x86.ActiveCfg = Release|Any CPU
		{F2133AC2-39DD-4321-A3B1-8BDBCDFF743E}.Debug|Any CPU.ActiveCfg = Debug|Any CPU
		{F2133AC2-39DD-4321-A3B1-8BDBCDFF743E}.Debug|Any CPU.Build.0 = Debug|Any CPU
		{F2133AC2-39DD-4321-A3B1-8BDBCDFF743E}.Debug|Mixed Platforms.ActiveCfg = Debug|Any CPU
		{F2133AC2-39DD-4321-A3B1-8BDBCDFF743E}.Debug|Mixed Platforms.Build.0 = Debug|Any CPU
		{F2133AC2-39DD-4321-A3B1-8BDBCDFF743E}.Debug|x86.ActiveCfg = Debug|Any CPU
		{F2133AC2-39DD-4321-A3B1-8BDBCDFF743E}.Mono Debug|Any CPU.ActiveCfg = Debug|Any CPU
		{F2133AC2-39DD-4321-A3B1-8BDBCDFF743E}.Mono Debug|Any CPU.Build.0 = Debug|Any CPU
		{F2133AC2-39DD-4321-A3B1-8BDBCDFF743E}.Mono Debug|Mixed Platforms.ActiveCfg = Debug|Any CPU
		{F2133AC2-39DD-4321-A3B1-8BDBCDFF743E}.Mono Debug|Mixed Platforms.Build.0 = Debug|Any CPU
		{F2133AC2-39DD-4321-A3B1-8BDBCDFF743E}.Mono Debug|x86.ActiveCfg = Debug|Any CPU
		{F2133AC2-39DD-4321-A3B1-8BDBCDFF743E}.Mono Release|Any CPU.ActiveCfg = Release|Any CPU
		{F2133AC2-39DD-4321-A3B1-8BDBCDFF743E}.Mono Release|Any CPU.Build.0 = Release|Any CPU
		{F2133AC2-39DD-4321-A3B1-8BDBCDFF743E}.Mono Release|Mixed Platforms.ActiveCfg = Release|Any CPU
		{F2133AC2-39DD-4321-A3B1-8BDBCDFF743E}.Mono Release|Mixed Platforms.Build.0 = Release|Any CPU
		{F2133AC2-39DD-4321-A3B1-8BDBCDFF743E}.Mono Release|x86.ActiveCfg = Release|Any CPU
		{F2133AC2-39DD-4321-A3B1-8BDBCDFF743E}.Release|Any CPU.ActiveCfg = Release|Any CPU
		{F2133AC2-39DD-4321-A3B1-8BDBCDFF743E}.Release|Any CPU.Build.0 = Release|Any CPU
		{F2133AC2-39DD-4321-A3B1-8BDBCDFF743E}.Release|Mixed Platforms.ActiveCfg = Release|Any CPU
		{F2133AC2-39DD-4321-A3B1-8BDBCDFF743E}.Release|Mixed Platforms.Build.0 = Release|Any CPU
		{F2133AC2-39DD-4321-A3B1-8BDBCDFF743E}.Release|x86.ActiveCfg = Release|Any CPU
		{7044B856-6D51-498F-90F9-01F219909F79}.Coverage|Any CPU.ActiveCfg = Release|Any CPU
		{7044B856-6D51-498F-90F9-01F219909F79}.Coverage|Any CPU.Build.0 = Release|Any CPU
		{7044B856-6D51-498F-90F9-01F219909F79}.Coverage|Mixed Platforms.ActiveCfg = Release|Any CPU
		{7044B856-6D51-498F-90F9-01F219909F79}.Coverage|Mixed Platforms.Build.0 = Release|Any CPU
		{7044B856-6D51-498F-90F9-01F219909F79}.Coverage|x86.ActiveCfg = Release|Any CPU
		{7044B856-6D51-498F-90F9-01F219909F79}.Debug|Any CPU.ActiveCfg = Debug|Any CPU
		{7044B856-6D51-498F-90F9-01F219909F79}.Debug|Any CPU.Build.0 = Debug|Any CPU
		{7044B856-6D51-498F-90F9-01F219909F79}.Debug|Mixed Platforms.ActiveCfg = Debug|Any CPU
		{7044B856-6D51-498F-90F9-01F219909F79}.Debug|Mixed Platforms.Build.0 = Debug|Any CPU
		{7044B856-6D51-498F-90F9-01F219909F79}.Debug|x86.ActiveCfg = Debug|Any CPU
		{7044B856-6D51-498F-90F9-01F219909F79}.Mono Debug|Any CPU.ActiveCfg = Debug|Any CPU
		{7044B856-6D51-498F-90F9-01F219909F79}.Mono Debug|Any CPU.Build.0 = Debug|Any CPU
		{7044B856-6D51-498F-90F9-01F219909F79}.Mono Debug|Mixed Platforms.ActiveCfg = Debug|Any CPU
		{7044B856-6D51-498F-90F9-01F219909F79}.Mono Debug|Mixed Platforms.Build.0 = Debug|Any CPU
		{7044B856-6D51-498F-90F9-01F219909F79}.Mono Debug|x86.ActiveCfg = Debug|Any CPU
		{7044B856-6D51-498F-90F9-01F219909F79}.Mono Release|Any CPU.ActiveCfg = Release|Any CPU
		{7044B856-6D51-498F-90F9-01F219909F79}.Mono Release|Any CPU.Build.0 = Release|Any CPU
		{7044B856-6D51-498F-90F9-01F219909F79}.Mono Release|Mixed Platforms.ActiveCfg = Release|Any CPU
		{7044B856-6D51-498F-90F9-01F219909F79}.Mono Release|Mixed Platforms.Build.0 = Release|Any CPU
		{7044B856-6D51-498F-90F9-01F219909F79}.Mono Release|x86.ActiveCfg = Release|Any CPU
		{7044B856-6D51-498F-90F9-01F219909F79}.Release|Any CPU.ActiveCfg = Release|Any CPU
		{7044B856-6D51-498F-90F9-01F219909F79}.Release|Any CPU.Build.0 = Release|Any CPU
		{7044B856-6D51-498F-90F9-01F219909F79}.Release|Mixed Platforms.ActiveCfg = Release|Any CPU
		{7044B856-6D51-498F-90F9-01F219909F79}.Release|Mixed Platforms.Build.0 = Release|Any CPU
		{7044B856-6D51-498F-90F9-01F219909F79}.Release|x86.ActiveCfg = Release|Any CPU
		{7044B856-6D51-498F-8192-01F219908192}.Coverage|Any CPU.ActiveCfg = Release|Any CPU
		{7044B856-6D51-498F-8192-01F219908192}.Coverage|Any CPU.Build.0 = Release|Any CPU
		{7044B856-6D51-498F-8192-01F219908192}.Coverage|Mixed Platforms.ActiveCfg = Release|Any CPU
		{7044B856-6D51-498F-8192-01F219908192}.Coverage|Mixed Platforms.Build.0 = Release|Any CPU
		{7044B856-6D51-498F-8192-01F219908192}.Coverage|x86.ActiveCfg = Release|Any CPU
		{7044B856-6D51-498F-8192-01F219908192}.Debug|Any CPU.ActiveCfg = Debug|Any CPU
		{7044B856-6D51-498F-8192-01F219908192}.Debug|Any CPU.Build.0 = Debug|Any CPU
		{7044B856-6D51-498F-8192-01F219908192}.Debug|Mixed Platforms.ActiveCfg = Debug|Any CPU
		{7044B856-6D51-498F-8192-01F219908192}.Debug|Mixed Platforms.Build.0 = Debug|Any CPU
		{7044B856-6D51-498F-8192-01F219908192}.Debug|x86.ActiveCfg = Debug|Any CPU
		{7044B856-6D51-498F-8192-01F219908192}.Mono Debug|Any CPU.ActiveCfg = Debug|Any CPU
		{7044B856-6D51-498F-8192-01F219908192}.Mono Debug|Any CPU.Build.0 = Debug|Any CPU
		{7044B856-6D51-498F-8192-01F219908192}.Mono Debug|Mixed Platforms.ActiveCfg = Debug|Any CPU
		{7044B856-6D51-498F-8192-01F219908192}.Mono Debug|Mixed Platforms.Build.0 = Debug|Any CPU
		{7044B856-6D51-498F-8192-01F219908192}.Mono Debug|x86.ActiveCfg = Debug|Any CPU
		{7044B856-6D51-498F-8192-01F219908192}.Mono Release|Any CPU.ActiveCfg = Release|Any CPU
		{7044B856-6D51-498F-8192-01F219908192}.Mono Release|Any CPU.Build.0 = Release|Any CPU
		{7044B856-6D51-498F-8192-01F219908192}.Mono Release|Mixed Platforms.ActiveCfg = Release|Any CPU
		{7044B856-6D51-498F-8192-01F219908192}.Mono Release|Mixed Platforms.Build.0 = Release|Any CPU
		{7044B856-6D51-498F-8192-01F219908192}.Mono Release|x86.ActiveCfg = Release|Any CPU
		{7044B856-6D51-498F-8192-01F219908192}.Release|Any CPU.ActiveCfg = Release|Any CPU
		{7044B856-6D51-498F-8192-01F219908192}.Release|Any CPU.Build.0 = Release|Any CPU
		{7044B856-6D51-498F-8192-01F219908192}.Release|Mixed Platforms.ActiveCfg = Release|Any CPU
		{7044B856-6D51-498F-8192-01F219908192}.Release|Mixed Platforms.Build.0 = Release|Any CPU
		{7044B856-6D51-498F-8192-01F219908192}.Release|x86.ActiveCfg = Release|Any CPU
		{EBEB46B5-3683-4D9F-939B-B1B2BBEEA369}.Coverage|Any CPU.ActiveCfg = Release|Any CPU
		{EBEB46B5-3683-4D9F-939B-B1B2BBEEA369}.Coverage|Any CPU.Build.0 = Release|Any CPU
		{EBEB46B5-3683-4D9F-939B-B1B2BBEEA369}.Coverage|Mixed Platforms.ActiveCfg = Release|Any CPU
		{EBEB46B5-3683-4D9F-939B-B1B2BBEEA369}.Coverage|Mixed Platforms.Build.0 = Release|Any CPU
		{EBEB46B5-3683-4D9F-939B-B1B2BBEEA369}.Coverage|x86.ActiveCfg = Release|Any CPU
		{EBEB46B5-3683-4D9F-939B-B1B2BBEEA369}.Debug|Any CPU.ActiveCfg = Debug|Any CPU
		{EBEB46B5-3683-4D9F-939B-B1B2BBEEA369}.Debug|Any CPU.Build.0 = Debug|Any CPU
		{EBEB46B5-3683-4D9F-939B-B1B2BBEEA369}.Debug|Mixed Platforms.ActiveCfg = Debug|Any CPU
		{EBEB46B5-3683-4D9F-939B-B1B2BBEEA369}.Debug|Mixed Platforms.Build.0 = Debug|Any CPU
		{EBEB46B5-3683-4D9F-939B-B1B2BBEEA369}.Debug|x86.ActiveCfg = Debug|Any CPU
		{EBEB46B5-3683-4D9F-939B-B1B2BBEEA369}.Mono Debug|Any CPU.ActiveCfg = Debug|Any CPU
		{EBEB46B5-3683-4D9F-939B-B1B2BBEEA369}.Mono Debug|Any CPU.Build.0 = Debug|Any CPU
		{EBEB46B5-3683-4D9F-939B-B1B2BBEEA369}.Mono Debug|Mixed Platforms.ActiveCfg = Debug|Any CPU
		{EBEB46B5-3683-4D9F-939B-B1B2BBEEA369}.Mono Debug|Mixed Platforms.Build.0 = Debug|Any CPU
		{EBEB46B5-3683-4D9F-939B-B1B2BBEEA369}.Mono Debug|x86.ActiveCfg = Debug|Any CPU
		{EBEB46B5-3683-4D9F-939B-B1B2BBEEA369}.Mono Release|Any CPU.ActiveCfg = Release|Any CPU
		{EBEB46B5-3683-4D9F-939B-B1B2BBEEA369}.Mono Release|Any CPU.Build.0 = Release|Any CPU
		{EBEB46B5-3683-4D9F-939B-B1B2BBEEA369}.Mono Release|Mixed Platforms.ActiveCfg = Release|Any CPU
		{EBEB46B5-3683-4D9F-939B-B1B2BBEEA369}.Mono Release|Mixed Platforms.Build.0 = Release|Any CPU
		{EBEB46B5-3683-4D9F-939B-B1B2BBEEA369}.Mono Release|x86.ActiveCfg = Release|Any CPU
		{EBEB46B5-3683-4D9F-939B-B1B2BBEEA369}.Release|Any CPU.ActiveCfg = Release|Any CPU
		{EBEB46B5-3683-4D9F-939B-B1B2BBEEA369}.Release|Any CPU.Build.0 = Release|Any CPU
		{EBEB46B5-3683-4D9F-939B-B1B2BBEEA369}.Release|Mixed Platforms.ActiveCfg = Release|Any CPU
		{EBEB46B5-3683-4D9F-939B-B1B2BBEEA369}.Release|Mixed Platforms.Build.0 = Release|Any CPU
		{EBEB46B5-3683-4D9F-939B-B1B2BBEEA369}.Release|x86.ActiveCfg = Release|Any CPU
		{B953E5C8-ECBB-489E-A5A4-6AC64ABDCB2E}.Coverage|Any CPU.ActiveCfg = Release|Any CPU
		{B953E5C8-ECBB-489E-A5A4-6AC64ABDCB2E}.Coverage|Any CPU.Build.0 = Release|Any CPU
		{B953E5C8-ECBB-489E-A5A4-6AC64ABDCB2E}.Coverage|Mixed Platforms.ActiveCfg = Release|Any CPU
		{B953E5C8-ECBB-489E-A5A4-6AC64ABDCB2E}.Coverage|Mixed Platforms.Build.0 = Release|Any CPU
		{B953E5C8-ECBB-489E-A5A4-6AC64ABDCB2E}.Coverage|x86.ActiveCfg = Release|Any CPU
		{B953E5C8-ECBB-489E-A5A4-6AC64ABDCB2E}.Debug|Any CPU.ActiveCfg = Debug|Any CPU
		{B953E5C8-ECBB-489E-A5A4-6AC64ABDCB2E}.Debug|Any CPU.Build.0 = Debug|Any CPU
		{B953E5C8-ECBB-489E-A5A4-6AC64ABDCB2E}.Debug|Mixed Platforms.ActiveCfg = Debug|Any CPU
		{B953E5C8-ECBB-489E-A5A4-6AC64ABDCB2E}.Debug|Mixed Platforms.Build.0 = Debug|Any CPU
		{B953E5C8-ECBB-489E-A5A4-6AC64ABDCB2E}.Debug|x86.ActiveCfg = Debug|Any CPU
		{B953E5C8-ECBB-489E-A5A4-6AC64ABDCB2E}.Mono Debug|Any CPU.ActiveCfg = Debug|Any CPU
		{B953E5C8-ECBB-489E-A5A4-6AC64ABDCB2E}.Mono Debug|Any CPU.Build.0 = Debug|Any CPU
		{B953E5C8-ECBB-489E-A5A4-6AC64ABDCB2E}.Mono Debug|Mixed Platforms.ActiveCfg = Debug|Any CPU
		{B953E5C8-ECBB-489E-A5A4-6AC64ABDCB2E}.Mono Debug|Mixed Platforms.Build.0 = Debug|Any CPU
		{B953E5C8-ECBB-489E-A5A4-6AC64ABDCB2E}.Mono Debug|x86.ActiveCfg = Debug|Any CPU
		{B953E5C8-ECBB-489E-A5A4-6AC64ABDCB2E}.Mono Release|Any CPU.ActiveCfg = Release|Any CPU
		{B953E5C8-ECBB-489E-A5A4-6AC64ABDCB2E}.Mono Release|Any CPU.Build.0 = Release|Any CPU
		{B953E5C8-ECBB-489E-A5A4-6AC64ABDCB2E}.Mono Release|Mixed Platforms.ActiveCfg = Release|Any CPU
		{B953E5C8-ECBB-489E-A5A4-6AC64ABDCB2E}.Mono Release|Mixed Platforms.Build.0 = Release|Any CPU
		{B953E5C8-ECBB-489E-A5A4-6AC64ABDCB2E}.Mono Release|x86.ActiveCfg = Release|Any CPU
		{B953E5C8-ECBB-489E-A5A4-6AC64ABDCB2E}.Release|Any CPU.ActiveCfg = Release|Any CPU
		{B953E5C8-ECBB-489E-A5A4-6AC64ABDCB2E}.Release|Any CPU.Build.0 = Release|Any CPU
		{B953E5C8-ECBB-489E-A5A4-6AC64ABDCB2E}.Release|Mixed Platforms.ActiveCfg = Release|Any CPU
		{B953E5C8-ECBB-489E-A5A4-6AC64ABDCB2E}.Release|Mixed Platforms.Build.0 = Release|Any CPU
		{B953E5C8-ECBB-489E-A5A4-6AC64ABDCB2E}.Release|x86.ActiveCfg = Release|Any CPU
		{AA5B27C8-1047-4088-8602-B4B151973118}.Coverage|Any CPU.ActiveCfg = Release|Any CPU
		{AA5B27C8-1047-4088-8602-B4B151973118}.Coverage|Any CPU.Build.0 = Release|Any CPU
		{AA5B27C8-1047-4088-8602-B4B151973118}.Coverage|Mixed Platforms.ActiveCfg = Release|Any CPU
		{AA5B27C8-1047-4088-8602-B4B151973118}.Coverage|Mixed Platforms.Build.0 = Release|Any CPU
		{AA5B27C8-1047-4088-8602-B4B151973118}.Coverage|x86.ActiveCfg = Release|Any CPU
		{AA5B27C8-1047-4088-8602-B4B151973118}.Debug|Any CPU.ActiveCfg = Debug|Any CPU
		{AA5B27C8-1047-4088-8602-B4B151973118}.Debug|Any CPU.Build.0 = Debug|Any CPU
		{AA5B27C8-1047-4088-8602-B4B151973118}.Debug|Mixed Platforms.ActiveCfg = Debug|Any CPU
		{AA5B27C8-1047-4088-8602-B4B151973118}.Debug|Mixed Platforms.Build.0 = Debug|Any CPU
		{AA5B27C8-1047-4088-8602-B4B151973118}.Debug|x86.ActiveCfg = Debug|Any CPU
		{AA5B27C8-1047-4088-8602-B4B151973118}.Mono Debug|Any CPU.ActiveCfg = Debug|Any CPU
		{AA5B27C8-1047-4088-8602-B4B151973118}.Mono Debug|Any CPU.Build.0 = Debug|Any CPU
		{AA5B27C8-1047-4088-8602-B4B151973118}.Mono Debug|Mixed Platforms.ActiveCfg = Debug|Any CPU
		{AA5B27C8-1047-4088-8602-B4B151973118}.Mono Debug|Mixed Platforms.Build.0 = Debug|Any CPU
		{AA5B27C8-1047-4088-8602-B4B151973118}.Mono Debug|x86.ActiveCfg = Debug|Any CPU
		{AA5B27C8-1047-4088-8602-B4B151973118}.Mono Release|Any CPU.ActiveCfg = Release|Any CPU
		{AA5B27C8-1047-4088-8602-B4B151973118}.Mono Release|Any CPU.Build.0 = Release|Any CPU
		{AA5B27C8-1047-4088-8602-B4B151973118}.Mono Release|Mixed Platforms.ActiveCfg = Release|Any CPU
		{AA5B27C8-1047-4088-8602-B4B151973118}.Mono Release|Mixed Platforms.Build.0 = Release|Any CPU
		{AA5B27C8-1047-4088-8602-B4B151973118}.Mono Release|x86.ActiveCfg = Release|Any CPU
		{AA5B27C8-1047-4088-8602-B4B151973118}.Release|Any CPU.ActiveCfg = Release|Any CPU
		{AA5B27C8-1047-4088-8602-B4B151973118}.Release|Any CPU.Build.0 = Release|Any CPU
		{AA5B27C8-1047-4088-8602-B4B151973118}.Release|Mixed Platforms.ActiveCfg = Release|Any CPU
		{AA5B27C8-1047-4088-8602-B4B151973118}.Release|Mixed Platforms.Build.0 = Release|Any CPU
		{AA5B27C8-1047-4088-8602-B4B151973118}.Release|x86.ActiveCfg = Release|Any CPU
		{2270C018-364A-47DD-BC2E-0095C8E8DEAF}.Coverage|Any CPU.ActiveCfg = Release|Any CPU
		{2270C018-364A-47DD-BC2E-0095C8E8DEAF}.Coverage|Any CPU.Build.0 = Release|Any CPU
		{2270C018-364A-47DD-BC2E-0095C8E8DEAF}.Coverage|Mixed Platforms.ActiveCfg = Release|Any CPU
		{2270C018-364A-47DD-BC2E-0095C8E8DEAF}.Coverage|Mixed Platforms.Build.0 = Release|Any CPU
		{2270C018-364A-47DD-BC2E-0095C8E8DEAF}.Coverage|x86.ActiveCfg = Release|Any CPU
		{2270C018-364A-47DD-BC2E-0095C8E8DEAF}.Debug|Any CPU.ActiveCfg = Debug|Any CPU
		{2270C018-364A-47DD-BC2E-0095C8E8DEAF}.Debug|Any CPU.Build.0 = Debug|Any CPU
		{2270C018-364A-47DD-BC2E-0095C8E8DEAF}.Debug|Mixed Platforms.ActiveCfg = Debug|Any CPU
		{2270C018-364A-47DD-BC2E-0095C8E8DEAF}.Debug|Mixed Platforms.Build.0 = Debug|Any CPU
		{2270C018-364A-47DD-BC2E-0095C8E8DEAF}.Debug|x86.ActiveCfg = Debug|Any CPU
		{2270C018-364A-47DD-BC2E-0095C8E8DEAF}.Mono Debug|Any CPU.ActiveCfg = Debug|Any CPU
		{2270C018-364A-47DD-BC2E-0095C8E8DEAF}.Mono Debug|Any CPU.Build.0 = Debug|Any CPU
		{2270C018-364A-47DD-BC2E-0095C8E8DEAF}.Mono Debug|Mixed Platforms.ActiveCfg = Debug|Any CPU
		{2270C018-364A-47DD-BC2E-0095C8E8DEAF}.Mono Debug|Mixed Platforms.Build.0 = Debug|Any CPU
		{2270C018-364A-47DD-BC2E-0095C8E8DEAF}.Mono Debug|x86.ActiveCfg = Debug|Any CPU
		{2270C018-364A-47DD-BC2E-0095C8E8DEAF}.Mono Release|Any CPU.ActiveCfg = Release|Any CPU
		{2270C018-364A-47DD-BC2E-0095C8E8DEAF}.Mono Release|Any CPU.Build.0 = Release|Any CPU
		{2270C018-364A-47DD-BC2E-0095C8E8DEAF}.Mono Release|Mixed Platforms.ActiveCfg = Release|Any CPU
		{2270C018-364A-47DD-BC2E-0095C8E8DEAF}.Mono Release|Mixed Platforms.Build.0 = Release|Any CPU
		{2270C018-364A-47DD-BC2E-0095C8E8DEAF}.Mono Release|x86.ActiveCfg = Release|Any CPU
		{2270C018-364A-47DD-BC2E-0095C8E8DEAF}.Release|Any CPU.ActiveCfg = Release|Any CPU
		{2270C018-364A-47DD-BC2E-0095C8E8DEAF}.Release|Any CPU.Build.0 = Release|Any CPU
		{2270C018-364A-47DD-BC2E-0095C8E8DEAF}.Release|Mixed Platforms.ActiveCfg = Release|Any CPU
		{2270C018-364A-47DD-BC2E-0095C8E8DEAF}.Release|Mixed Platforms.Build.0 = Release|Any CPU
		{2270C018-364A-47DD-BC2E-0095C8E8DEAF}.Release|x86.ActiveCfg = Release|Any CPU
		{8A7E33BF-1AC2-432D-BD5C-976D8386FD97}.Coverage|Any CPU.ActiveCfg = Release|Any CPU
		{8A7E33BF-1AC2-432D-BD5C-976D8386FD97}.Coverage|Any CPU.Build.0 = Release|Any CPU
		{8A7E33BF-1AC2-432D-BD5C-976D8386FD97}.Coverage|Mixed Platforms.ActiveCfg = Release|Any CPU
		{8A7E33BF-1AC2-432D-BD5C-976D8386FD97}.Coverage|Mixed Platforms.Build.0 = Release|Any CPU
		{8A7E33BF-1AC2-432D-BD5C-976D8386FD97}.Coverage|x86.ActiveCfg = Release|Any CPU
		{8A7E33BF-1AC2-432D-BD5C-976D8386FD97}.Debug|Any CPU.ActiveCfg = Debug|Any CPU
		{8A7E33BF-1AC2-432D-BD5C-976D8386FD97}.Debug|Any CPU.Build.0 = Debug|Any CPU
		{8A7E33BF-1AC2-432D-BD5C-976D8386FD97}.Debug|Mixed Platforms.ActiveCfg = Debug|Any CPU
		{8A7E33BF-1AC2-432D-BD5C-976D8386FD97}.Debug|Mixed Platforms.Build.0 = Debug|Any CPU
		{8A7E33BF-1AC2-432D-BD5C-976D8386FD97}.Debug|x86.ActiveCfg = Debug|Any CPU
		{8A7E33BF-1AC2-432D-BD5C-976D8386FD97}.Mono Debug|Any CPU.ActiveCfg = Debug|Any CPU
		{8A7E33BF-1AC2-432D-BD5C-976D8386FD97}.Mono Debug|Any CPU.Build.0 = Debug|Any CPU
		{8A7E33BF-1AC2-432D-BD5C-976D8386FD97}.Mono Debug|Mixed Platforms.ActiveCfg = Debug|Any CPU
		{8A7E33BF-1AC2-432D-BD5C-976D8386FD97}.Mono Debug|Mixed Platforms.Build.0 = Debug|Any CPU
		{8A7E33BF-1AC2-432D-BD5C-976D8386FD97}.Mono Debug|x86.ActiveCfg = Debug|Any CPU
		{8A7E33BF-1AC2-432D-BD5C-976D8386FD97}.Mono Release|Any CPU.ActiveCfg = Release|Any CPU
		{8A7E33BF-1AC2-432D-BD5C-976D8386FD97}.Mono Release|Any CPU.Build.0 = Release|Any CPU
		{8A7E33BF-1AC2-432D-BD5C-976D8386FD97}.Mono Release|Mixed Platforms.ActiveCfg = Release|Any CPU
		{8A7E33BF-1AC2-432D-BD5C-976D8386FD97}.Mono Release|Mixed Platforms.Build.0 = Release|Any CPU
		{8A7E33BF-1AC2-432D-BD5C-976D8386FD97}.Mono Release|x86.ActiveCfg = Release|Any CPU
		{8A7E33BF-1AC2-432D-BD5C-976D8386FD97}.Release|Any CPU.ActiveCfg = Release|Any CPU
		{8A7E33BF-1AC2-432D-BD5C-976D8386FD97}.Release|Any CPU.Build.0 = Release|Any CPU
		{8A7E33BF-1AC2-432D-BD5C-976D8386FD97}.Release|Mixed Platforms.ActiveCfg = Release|Any CPU
		{8A7E33BF-1AC2-432D-BD5C-976D8386FD97}.Release|Mixed Platforms.Build.0 = Release|Any CPU
		{8A7E33BF-1AC2-432D-BD5C-976D8386FD97}.Release|x86.ActiveCfg = Release|Any CPU
		{3F9D75F9-A4AD-46C1-8937-B55604E8D5D9}.Coverage|Any CPU.ActiveCfg = Release|Any CPU
		{3F9D75F9-A4AD-46C1-8937-B55604E8D5D9}.Coverage|Any CPU.Build.0 = Release|Any CPU
		{3F9D75F9-A4AD-46C1-8937-B55604E8D5D9}.Coverage|Mixed Platforms.ActiveCfg = Release|Any CPU
		{3F9D75F9-A4AD-46C1-8937-B55604E8D5D9}.Coverage|Mixed Platforms.Build.0 = Release|Any CPU
		{3F9D75F9-A4AD-46C1-8937-B55604E8D5D9}.Coverage|x86.ActiveCfg = Release|Any CPU
		{3F9D75F9-A4AD-46C1-8937-B55604E8D5D9}.Debug|Any CPU.ActiveCfg = Debug|Any CPU
		{3F9D75F9-A4AD-46C1-8937-B55604E8D5D9}.Debug|Any CPU.Build.0 = Debug|Any CPU
		{3F9D75F9-A4AD-46C1-8937-B55604E8D5D9}.Debug|Mixed Platforms.ActiveCfg = Debug|Any CPU
		{3F9D75F9-A4AD-46C1-8937-B55604E8D5D9}.Debug|Mixed Platforms.Build.0 = Debug|Any CPU
		{3F9D75F9-A4AD-46C1-8937-B55604E8D5D9}.Debug|x86.ActiveCfg = Debug|Any CPU
		{3F9D75F9-A4AD-46C1-8937-B55604E8D5D9}.Mono Debug|Any CPU.ActiveCfg = Debug|Any CPU
		{3F9D75F9-A4AD-46C1-8937-B55604E8D5D9}.Mono Debug|Any CPU.Build.0 = Debug|Any CPU
		{3F9D75F9-A4AD-46C1-8937-B55604E8D5D9}.Mono Debug|Mixed Platforms.ActiveCfg = Debug|Any CPU
		{3F9D75F9-A4AD-46C1-8937-B55604E8D5D9}.Mono Debug|Mixed Platforms.Build.0 = Debug|Any CPU
		{3F9D75F9-A4AD-46C1-8937-B55604E8D5D9}.Mono Debug|x86.ActiveCfg = Debug|Any CPU
		{3F9D75F9-A4AD-46C1-8937-B55604E8D5D9}.Mono Release|Any CPU.ActiveCfg = Release|Any CPU
		{3F9D75F9-A4AD-46C1-8937-B55604E8D5D9}.Mono Release|Any CPU.Build.0 = Release|Any CPU
		{3F9D75F9-A4AD-46C1-8937-B55604E8D5D9}.Mono Release|Mixed Platforms.ActiveCfg = Release|Any CPU
		{3F9D75F9-A4AD-46C1-8937-B55604E8D5D9}.Mono Release|Mixed Platforms.Build.0 = Release|Any CPU
		{3F9D75F9-A4AD-46C1-8937-B55604E8D5D9}.Mono Release|x86.ActiveCfg = Release|Any CPU
		{3F9D75F9-A4AD-46C1-8937-B55604E8D5D9}.Release|Any CPU.ActiveCfg = Release|Any CPU
		{3F9D75F9-A4AD-46C1-8937-B55604E8D5D9}.Release|Any CPU.Build.0 = Release|Any CPU
		{3F9D75F9-A4AD-46C1-8937-B55604E8D5D9}.Release|Mixed Platforms.ActiveCfg = Release|Any CPU
		{3F9D75F9-A4AD-46C1-8937-B55604E8D5D9}.Release|Mixed Platforms.Build.0 = Release|Any CPU
		{3F9D75F9-A4AD-46C1-8937-B55604E8D5D9}.Release|x86.ActiveCfg = Release|Any CPU
		{26CC7D7C-A1BC-4A11-9DC9-FB18904CA937}.Coverage|Any CPU.ActiveCfg = Release|Any CPU
		{26CC7D7C-A1BC-4A11-9DC9-FB18904CA937}.Coverage|Any CPU.Build.0 = Release|Any CPU
		{26CC7D7C-A1BC-4A11-9DC9-FB18904CA937}.Coverage|Mixed Platforms.ActiveCfg = Release|Any CPU
		{26CC7D7C-A1BC-4A11-9DC9-FB18904CA937}.Coverage|Mixed Platforms.Build.0 = Release|Any CPU
		{26CC7D7C-A1BC-4A11-9DC9-FB18904CA937}.Coverage|x86.ActiveCfg = Release|Any CPU
		{26CC7D7C-A1BC-4A11-9DC9-FB18904CA937}.Debug|Any CPU.ActiveCfg = Debug|Any CPU
		{26CC7D7C-A1BC-4A11-9DC9-FB18904CA937}.Debug|Any CPU.Build.0 = Debug|Any CPU
		{26CC7D7C-A1BC-4A11-9DC9-FB18904CA937}.Debug|Mixed Platforms.ActiveCfg = Debug|Any CPU
		{26CC7D7C-A1BC-4A11-9DC9-FB18904CA937}.Debug|Mixed Platforms.Build.0 = Debug|Any CPU
		{26CC7D7C-A1BC-4A11-9DC9-FB18904CA937}.Debug|x86.ActiveCfg = Debug|Any CPU
		{26CC7D7C-A1BC-4A11-9DC9-FB18904CA937}.Mono Debug|Any CPU.ActiveCfg = Debug|Any CPU
		{26CC7D7C-A1BC-4A11-9DC9-FB18904CA937}.Mono Debug|Any CPU.Build.0 = Debug|Any CPU
		{26CC7D7C-A1BC-4A11-9DC9-FB18904CA937}.Mono Debug|Mixed Platforms.ActiveCfg = Debug|Any CPU
		{26CC7D7C-A1BC-4A11-9DC9-FB18904CA937}.Mono Debug|Mixed Platforms.Build.0 = Debug|Any CPU
		{26CC7D7C-A1BC-4A11-9DC9-FB18904CA937}.Mono Debug|x86.ActiveCfg = Debug|Any CPU
		{26CC7D7C-A1BC-4A11-9DC9-FB18904CA937}.Mono Release|Any CPU.ActiveCfg = Release|Any CPU
		{26CC7D7C-A1BC-4A11-9DC9-FB18904CA937}.Mono Release|Any CPU.Build.0 = Release|Any CPU
		{26CC7D7C-A1BC-4A11-9DC9-FB18904CA937}.Mono Release|Mixed Platforms.ActiveCfg = Release|Any CPU
		{26CC7D7C-A1BC-4A11-9DC9-FB18904CA937}.Mono Release|Mixed Platforms.Build.0 = Release|Any CPU
		{26CC7D7C-A1BC-4A11-9DC9-FB18904CA937}.Mono Release|x86.ActiveCfg = Release|Any CPU
		{26CC7D7C-A1BC-4A11-9DC9-FB18904CA937}.Release|Any CPU.ActiveCfg = Release|Any CPU
		{26CC7D7C-A1BC-4A11-9DC9-FB18904CA937}.Release|Any CPU.Build.0 = Release|Any CPU
		{26CC7D7C-A1BC-4A11-9DC9-FB18904CA937}.Release|Mixed Platforms.ActiveCfg = Release|Any CPU
		{26CC7D7C-A1BC-4A11-9DC9-FB18904CA937}.Release|Mixed Platforms.Build.0 = Release|Any CPU
		{26CC7D7C-A1BC-4A11-9DC9-FB18904CA937}.Release|x86.ActiveCfg = Release|Any CPU
		{5470580D-5B9D-4667-8587-4A3E76EBA7C5}.Coverage|Any CPU.ActiveCfg = Release|Any CPU
		{5470580D-5B9D-4667-8587-4A3E76EBA7C5}.Coverage|Any CPU.Build.0 = Release|Any CPU
		{5470580D-5B9D-4667-8587-4A3E76EBA7C5}.Coverage|Mixed Platforms.ActiveCfg = Release|Any CPU
		{5470580D-5B9D-4667-8587-4A3E76EBA7C5}.Coverage|Mixed Platforms.Build.0 = Release|Any CPU
		{5470580D-5B9D-4667-8587-4A3E76EBA7C5}.Coverage|x86.ActiveCfg = Release|Any CPU
		{5470580D-5B9D-4667-8587-4A3E76EBA7C5}.Debug|Any CPU.ActiveCfg = Debug|Any CPU
		{5470580D-5B9D-4667-8587-4A3E76EBA7C5}.Debug|Any CPU.Build.0 = Debug|Any CPU
		{5470580D-5B9D-4667-8587-4A3E76EBA7C5}.Debug|Mixed Platforms.ActiveCfg = Debug|Any CPU
		{5470580D-5B9D-4667-8587-4A3E76EBA7C5}.Debug|Mixed Platforms.Build.0 = Debug|Any CPU
		{5470580D-5B9D-4667-8587-4A3E76EBA7C5}.Debug|x86.ActiveCfg = Debug|Any CPU
		{5470580D-5B9D-4667-8587-4A3E76EBA7C5}.Mono Debug|Any CPU.ActiveCfg = Debug|Any CPU
		{5470580D-5B9D-4667-8587-4A3E76EBA7C5}.Mono Debug|Any CPU.Build.0 = Debug|Any CPU
		{5470580D-5B9D-4667-8587-4A3E76EBA7C5}.Mono Debug|Mixed Platforms.ActiveCfg = Debug|Any CPU
		{5470580D-5B9D-4667-8587-4A3E76EBA7C5}.Mono Debug|Mixed Platforms.Build.0 = Debug|Any CPU
		{5470580D-5B9D-4667-8587-4A3E76EBA7C5}.Mono Debug|x86.ActiveCfg = Debug|Any CPU
		{5470580D-5B9D-4667-8587-4A3E76EBA7C5}.Mono Release|Any CPU.ActiveCfg = Release|Any CPU
		{5470580D-5B9D-4667-8587-4A3E76EBA7C5}.Mono Release|Any CPU.Build.0 = Release|Any CPU
		{5470580D-5B9D-4667-8587-4A3E76EBA7C5}.Mono Release|Mixed Platforms.ActiveCfg = Release|Any CPU
		{5470580D-5B9D-4667-8587-4A3E76EBA7C5}.Mono Release|Mixed Platforms.Build.0 = Release|Any CPU
		{5470580D-5B9D-4667-8587-4A3E76EBA7C5}.Mono Release|x86.ActiveCfg = Release|Any CPU
		{5470580D-5B9D-4667-8587-4A3E76EBA7C5}.Release|Any CPU.ActiveCfg = Release|Any CPU
		{5470580D-5B9D-4667-8587-4A3E76EBA7C5}.Release|Any CPU.Build.0 = Release|Any CPU
		{5470580D-5B9D-4667-8587-4A3E76EBA7C5}.Release|Mixed Platforms.ActiveCfg = Release|Any CPU
		{5470580D-5B9D-4667-8587-4A3E76EBA7C5}.Release|Mixed Platforms.Build.0 = Release|Any CPU
		{5470580D-5B9D-4667-8587-4A3E76EBA7C5}.Release|x86.ActiveCfg = Release|Any CPU
		{24112707-FFAD-466A-85B1-424C0F856A4B}.Coverage|Any CPU.ActiveCfg = Release|Any CPU
		{24112707-FFAD-466A-85B1-424C0F856A4B}.Coverage|Any CPU.Build.0 = Release|Any CPU
		{24112707-FFAD-466A-85B1-424C0F856A4B}.Coverage|Mixed Platforms.ActiveCfg = Release|Any CPU
		{24112707-FFAD-466A-85B1-424C0F856A4B}.Coverage|Mixed Platforms.Build.0 = Release|Any CPU
		{24112707-FFAD-466A-85B1-424C0F856A4B}.Coverage|x86.ActiveCfg = Release|Any CPU
		{24112707-FFAD-466A-85B1-424C0F856A4B}.Debug|Any CPU.ActiveCfg = Debug|Any CPU
		{24112707-FFAD-466A-85B1-424C0F856A4B}.Debug|Any CPU.Build.0 = Debug|Any CPU
		{24112707-FFAD-466A-85B1-424C0F856A4B}.Debug|Mixed Platforms.ActiveCfg = Debug|Any CPU
		{24112707-FFAD-466A-85B1-424C0F856A4B}.Debug|Mixed Platforms.Build.0 = Debug|Any CPU
		{24112707-FFAD-466A-85B1-424C0F856A4B}.Debug|x86.ActiveCfg = Debug|Any CPU
		{24112707-FFAD-466A-85B1-424C0F856A4B}.Mono Debug|Any CPU.ActiveCfg = Debug|Any CPU
		{24112707-FFAD-466A-85B1-424C0F856A4B}.Mono Debug|Any CPU.Build.0 = Debug|Any CPU
		{24112707-FFAD-466A-85B1-424C0F856A4B}.Mono Debug|Mixed Platforms.ActiveCfg = Debug|Any CPU
		{24112707-FFAD-466A-85B1-424C0F856A4B}.Mono Debug|Mixed Platforms.Build.0 = Debug|Any CPU
		{24112707-FFAD-466A-85B1-424C0F856A4B}.Mono Debug|x86.ActiveCfg = Debug|Any CPU
		{24112707-FFAD-466A-85B1-424C0F856A4B}.Mono Release|Any CPU.ActiveCfg = Release|Any CPU
		{24112707-FFAD-466A-85B1-424C0F856A4B}.Mono Release|Any CPU.Build.0 = Release|Any CPU
		{24112707-FFAD-466A-85B1-424C0F856A4B}.Mono Release|Mixed Platforms.ActiveCfg = Release|Any CPU
		{24112707-FFAD-466A-85B1-424C0F856A4B}.Mono Release|Mixed Platforms.Build.0 = Release|Any CPU
		{24112707-FFAD-466A-85B1-424C0F856A4B}.Mono Release|x86.ActiveCfg = Release|Any CPU
		{24112707-FFAD-466A-85B1-424C0F856A4B}.Release|Any CPU.ActiveCfg = Release|Any CPU
		{24112707-FFAD-466A-85B1-424C0F856A4B}.Release|Any CPU.Build.0 = Release|Any CPU
		{24112707-FFAD-466A-85B1-424C0F856A4B}.Release|Mixed Platforms.ActiveCfg = Release|Any CPU
		{24112707-FFAD-466A-85B1-424C0F856A4B}.Release|Mixed Platforms.Build.0 = Release|Any CPU
		{24112707-FFAD-466A-85B1-424C0F856A4B}.Release|x86.ActiveCfg = Release|Any CPU
		{275D3B21-40CC-4DAF-A363-E00D5A712617}.Coverage|Any CPU.ActiveCfg = Release|Any CPU
		{275D3B21-40CC-4DAF-A363-E00D5A712617}.Coverage|Any CPU.Build.0 = Release|Any CPU
		{275D3B21-40CC-4DAF-A363-E00D5A712617}.Coverage|Mixed Platforms.ActiveCfg = Release|Any CPU
		{275D3B21-40CC-4DAF-A363-E00D5A712617}.Coverage|Mixed Platforms.Build.0 = Release|Any CPU
		{275D3B21-40CC-4DAF-A363-E00D5A712617}.Coverage|x86.ActiveCfg = Release|Any CPU
		{275D3B21-40CC-4DAF-A363-E00D5A712617}.Debug|Any CPU.ActiveCfg = Debug|Any CPU
		{275D3B21-40CC-4DAF-A363-E00D5A712617}.Debug|Any CPU.Build.0 = Debug|Any CPU
		{275D3B21-40CC-4DAF-A363-E00D5A712617}.Debug|Mixed Platforms.ActiveCfg = Debug|Any CPU
		{275D3B21-40CC-4DAF-A363-E00D5A712617}.Debug|Mixed Platforms.Build.0 = Debug|Any CPU
		{275D3B21-40CC-4DAF-A363-E00D5A712617}.Debug|x86.ActiveCfg = Debug|Any CPU
		{275D3B21-40CC-4DAF-A363-E00D5A712617}.Mono Debug|Any CPU.ActiveCfg = Debug|Any CPU
		{275D3B21-40CC-4DAF-A363-E00D5A712617}.Mono Debug|Any CPU.Build.0 = Debug|Any CPU
		{275D3B21-40CC-4DAF-A363-E00D5A712617}.Mono Debug|Mixed Platforms.ActiveCfg = Debug|Any CPU
		{275D3B21-40CC-4DAF-A363-E00D5A712617}.Mono Debug|Mixed Platforms.Build.0 = Debug|Any CPU
		{275D3B21-40CC-4DAF-A363-E00D5A712617}.Mono Debug|x86.ActiveCfg = Debug|Any CPU
		{275D3B21-40CC-4DAF-A363-E00D5A712617}.Mono Release|Any CPU.ActiveCfg = Release|Any CPU
		{275D3B21-40CC-4DAF-A363-E00D5A712617}.Mono Release|Any CPU.Build.0 = Release|Any CPU
		{275D3B21-40CC-4DAF-A363-E00D5A712617}.Mono Release|Mixed Platforms.ActiveCfg = Release|Any CPU
		{275D3B21-40CC-4DAF-A363-E00D5A712617}.Mono Release|Mixed Platforms.Build.0 = Release|Any CPU
		{275D3B21-40CC-4DAF-A363-E00D5A712617}.Mono Release|x86.ActiveCfg = Release|Any CPU
		{275D3B21-40CC-4DAF-A363-E00D5A712617}.Release|Any CPU.ActiveCfg = Release|Any CPU
		{275D3B21-40CC-4DAF-A363-E00D5A712617}.Release|Any CPU.Build.0 = Release|Any CPU
		{275D3B21-40CC-4DAF-A363-E00D5A712617}.Release|Mixed Platforms.ActiveCfg = Release|Any CPU
		{275D3B21-40CC-4DAF-A363-E00D5A712617}.Release|Mixed Platforms.Build.0 = Release|Any CPU
		{275D3B21-40CC-4DAF-A363-E00D5A712617}.Release|x86.ActiveCfg = Release|Any CPU
		{8AC045FA-7375-4D7D-BDD3-D56E9B7E1E34}.Coverage|Any CPU.ActiveCfg = Release|Any CPU
		{8AC045FA-7375-4D7D-BDD3-D56E9B7E1E34}.Coverage|Any CPU.Build.0 = Release|Any CPU
		{8AC045FA-7375-4D7D-BDD3-D56E9B7E1E34}.Coverage|Mixed Platforms.ActiveCfg = Release|Any CPU
		{8AC045FA-7375-4D7D-BDD3-D56E9B7E1E34}.Coverage|Mixed Platforms.Build.0 = Release|Any CPU
		{8AC045FA-7375-4D7D-BDD3-D56E9B7E1E34}.Coverage|x86.ActiveCfg = Release|Any CPU
		{8AC045FA-7375-4D7D-BDD3-D56E9B7E1E34}.Debug|Any CPU.ActiveCfg = Debug|Any CPU
		{8AC045FA-7375-4D7D-BDD3-D56E9B7E1E34}.Debug|Any CPU.Build.0 = Debug|Any CPU
		{8AC045FA-7375-4D7D-BDD3-D56E9B7E1E34}.Debug|Mixed Platforms.ActiveCfg = Debug|Any CPU
		{8AC045FA-7375-4D7D-BDD3-D56E9B7E1E34}.Debug|Mixed Platforms.Build.0 = Debug|Any CPU
		{8AC045FA-7375-4D7D-BDD3-D56E9B7E1E34}.Debug|x86.ActiveCfg = Debug|Any CPU
		{8AC045FA-7375-4D7D-BDD3-D56E9B7E1E34}.Mono Debug|Any CPU.ActiveCfg = Debug|Any CPU
		{8AC045FA-7375-4D7D-BDD3-D56E9B7E1E34}.Mono Debug|Any CPU.Build.0 = Debug|Any CPU
		{8AC045FA-7375-4D7D-BDD3-D56E9B7E1E34}.Mono Debug|Mixed Platforms.ActiveCfg = Debug|Any CPU
		{8AC045FA-7375-4D7D-BDD3-D56E9B7E1E34}.Mono Debug|Mixed Platforms.Build.0 = Debug|Any CPU
		{8AC045FA-7375-4D7D-BDD3-D56E9B7E1E34}.Mono Debug|x86.ActiveCfg = Debug|Any CPU
		{8AC045FA-7375-4D7D-BDD3-D56E9B7E1E34}.Mono Release|Any CPU.ActiveCfg = Release|Any CPU
		{8AC045FA-7375-4D7D-BDD3-D56E9B7E1E34}.Mono Release|Any CPU.Build.0 = Release|Any CPU
		{8AC045FA-7375-4D7D-BDD3-D56E9B7E1E34}.Mono Release|Mixed Platforms.ActiveCfg = Release|Any CPU
		{8AC045FA-7375-4D7D-BDD3-D56E9B7E1E34}.Mono Release|Mixed Platforms.Build.0 = Release|Any CPU
		{8AC045FA-7375-4D7D-BDD3-D56E9B7E1E34}.Mono Release|x86.ActiveCfg = Release|Any CPU
		{8AC045FA-7375-4D7D-BDD3-D56E9B7E1E34}.Release|Any CPU.ActiveCfg = Release|Any CPU
		{8AC045FA-7375-4D7D-BDD3-D56E9B7E1E34}.Release|Any CPU.Build.0 = Release|Any CPU
		{8AC045FA-7375-4D7D-BDD3-D56E9B7E1E34}.Release|Mixed Platforms.ActiveCfg = Release|Any CPU
		{8AC045FA-7375-4D7D-BDD3-D56E9B7E1E34}.Release|Mixed Platforms.Build.0 = Release|Any CPU
		{8AC045FA-7375-4D7D-BDD3-D56E9B7E1E34}.Release|x86.ActiveCfg = Release|Any CPU
		{F879F274-EFA0-4157-8404-33A19B4E6AEC}.Coverage|Any CPU.ActiveCfg = Coverage|Any CPU
		{F879F274-EFA0-4157-8404-33A19B4E6AEC}.Coverage|Any CPU.Build.0 = Coverage|Any CPU
		{F879F274-EFA0-4157-8404-33A19B4E6AEC}.Coverage|Mixed Platforms.ActiveCfg = Coverage|Any CPU
		{F879F274-EFA0-4157-8404-33A19B4E6AEC}.Coverage|Mixed Platforms.Build.0 = Coverage|Any CPU
		{F879F274-EFA0-4157-8404-33A19B4E6AEC}.Coverage|x86.ActiveCfg = Coverage|Any CPU
		{F879F274-EFA0-4157-8404-33A19B4E6AEC}.Debug|Any CPU.ActiveCfg = Debug|Any CPU
		{F879F274-EFA0-4157-8404-33A19B4E6AEC}.Debug|Any CPU.Build.0 = Debug|Any CPU
		{F879F274-EFA0-4157-8404-33A19B4E6AEC}.Debug|Mixed Platforms.ActiveCfg = Debug|Any CPU
		{F879F274-EFA0-4157-8404-33A19B4E6AEC}.Debug|Mixed Platforms.Build.0 = Debug|Any CPU
		{F879F274-EFA0-4157-8404-33A19B4E6AEC}.Debug|x86.ActiveCfg = Debug|Any CPU
		{F879F274-EFA0-4157-8404-33A19B4E6AEC}.Mono Debug|Any CPU.ActiveCfg = Mono Debug|Any CPU
		{F879F274-EFA0-4157-8404-33A19B4E6AEC}.Mono Debug|Any CPU.Build.0 = Mono Debug|Any CPU
		{F879F274-EFA0-4157-8404-33A19B4E6AEC}.Mono Debug|Mixed Platforms.ActiveCfg = Mono Debug|Any CPU
		{F879F274-EFA0-4157-8404-33A19B4E6AEC}.Mono Debug|Mixed Platforms.Build.0 = Mono Debug|Any CPU
		{F879F274-EFA0-4157-8404-33A19B4E6AEC}.Mono Debug|x86.ActiveCfg = Mono Debug|Any CPU
		{F879F274-EFA0-4157-8404-33A19B4E6AEC}.Mono Release|Any CPU.ActiveCfg = Mono Release|Any CPU
		{F879F274-EFA0-4157-8404-33A19B4E6AEC}.Mono Release|Any CPU.Build.0 = Mono Release|Any CPU
		{F879F274-EFA0-4157-8404-33A19B4E6AEC}.Mono Release|Mixed Platforms.ActiveCfg = Mono Release|Any CPU
		{F879F274-EFA0-4157-8404-33A19B4E6AEC}.Mono Release|Mixed Platforms.Build.0 = Mono Release|Any CPU
		{F879F274-EFA0-4157-8404-33A19B4E6AEC}.Mono Release|x86.ActiveCfg = Mono Release|Any CPU
		{F879F274-EFA0-4157-8404-33A19B4E6AEC}.Release|Any CPU.ActiveCfg = Release|Any CPU
		{F879F274-EFA0-4157-8404-33A19B4E6AEC}.Release|Any CPU.Build.0 = Release|Any CPU
		{F879F274-EFA0-4157-8404-33A19B4E6AEC}.Release|Mixed Platforms.ActiveCfg = Release|Any CPU
		{F879F274-EFA0-4157-8404-33A19B4E6AEC}.Release|Mixed Platforms.Build.0 = Release|Any CPU
		{F879F274-EFA0-4157-8404-33A19B4E6AEC}.Release|x86.ActiveCfg = Release|Any CPU
		{B34A6632-E627-4B66-8E0A-D2DA3BC96893}.Coverage|Any CPU.ActiveCfg = Coverage|Any CPU
		{B34A6632-E627-4B66-8E0A-D2DA3BC96893}.Coverage|Any CPU.Build.0 = Coverage|Any CPU
		{B34A6632-E627-4B66-8E0A-D2DA3BC96893}.Coverage|Mixed Platforms.ActiveCfg = Coverage|Any CPU
		{B34A6632-E627-4B66-8E0A-D2DA3BC96893}.Coverage|Mixed Platforms.Build.0 = Coverage|Any CPU
		{B34A6632-E627-4B66-8E0A-D2DA3BC96893}.Coverage|x86.ActiveCfg = Coverage|Any CPU
		{B34A6632-E627-4B66-8E0A-D2DA3BC96893}.Debug|Any CPU.ActiveCfg = Debug|Any CPU
		{B34A6632-E627-4B66-8E0A-D2DA3BC96893}.Debug|Any CPU.Build.0 = Debug|Any CPU
		{B34A6632-E627-4B66-8E0A-D2DA3BC96893}.Debug|Mixed Platforms.ActiveCfg = Debug|Any CPU
		{B34A6632-E627-4B66-8E0A-D2DA3BC96893}.Debug|Mixed Platforms.Build.0 = Debug|Any CPU
		{B34A6632-E627-4B66-8E0A-D2DA3BC96893}.Debug|x86.ActiveCfg = Debug|Any CPU
		{B34A6632-E627-4B66-8E0A-D2DA3BC96893}.Mono Debug|Any CPU.ActiveCfg = Mono Debug|Any CPU
		{B34A6632-E627-4B66-8E0A-D2DA3BC96893}.Mono Debug|Any CPU.Build.0 = Mono Debug|Any CPU
		{B34A6632-E627-4B66-8E0A-D2DA3BC96893}.Mono Debug|Mixed Platforms.ActiveCfg = Mono Debug|Any CPU
		{B34A6632-E627-4B66-8E0A-D2DA3BC96893}.Mono Debug|Mixed Platforms.Build.0 = Mono Debug|Any CPU
		{B34A6632-E627-4B66-8E0A-D2DA3BC96893}.Mono Debug|x86.ActiveCfg = Mono Debug|Any CPU
		{B34A6632-E627-4B66-8E0A-D2DA3BC96893}.Mono Release|Any CPU.ActiveCfg = Mono Release|Any CPU
		{B34A6632-E627-4B66-8E0A-D2DA3BC96893}.Mono Release|Any CPU.Build.0 = Mono Release|Any CPU
		{B34A6632-E627-4B66-8E0A-D2DA3BC96893}.Mono Release|Mixed Platforms.ActiveCfg = Mono Release|Any CPU
		{B34A6632-E627-4B66-8E0A-D2DA3BC96893}.Mono Release|Mixed Platforms.Build.0 = Mono Release|Any CPU
		{B34A6632-E627-4B66-8E0A-D2DA3BC96893}.Mono Release|x86.ActiveCfg = Mono Release|Any CPU
		{B34A6632-E627-4B66-8E0A-D2DA3BC96893}.Release|Any CPU.ActiveCfg = Release|Any CPU
		{B34A6632-E627-4B66-8E0A-D2DA3BC96893}.Release|Any CPU.Build.0 = Release|Any CPU
		{B34A6632-E627-4B66-8E0A-D2DA3BC96893}.Release|Mixed Platforms.ActiveCfg = Release|Any CPU
		{B34A6632-E627-4B66-8E0A-D2DA3BC96893}.Release|Mixed Platforms.Build.0 = Release|Any CPU
		{B34A6632-E627-4B66-8E0A-D2DA3BC96893}.Release|x86.ActiveCfg = Release|Any CPU
		{D3106412-E3AF-4CB6-B6D3-3664465B491F}.Coverage|Any CPU.ActiveCfg = Coverage|Any CPU
		{D3106412-E3AF-4CB6-B6D3-3664465B491F}.Coverage|Any CPU.Build.0 = Coverage|Any CPU
		{D3106412-E3AF-4CB6-B6D3-3664465B491F}.Coverage|Mixed Platforms.ActiveCfg = Coverage|Any CPU
		{D3106412-E3AF-4CB6-B6D3-3664465B491F}.Coverage|Mixed Platforms.Build.0 = Coverage|Any CPU
		{D3106412-E3AF-4CB6-B6D3-3664465B491F}.Coverage|x86.ActiveCfg = Coverage|Any CPU
		{D3106412-E3AF-4CB6-B6D3-3664465B491F}.Debug|Any CPU.ActiveCfg = Debug|Any CPU
		{D3106412-E3AF-4CB6-B6D3-3664465B491F}.Debug|Any CPU.Build.0 = Debug|Any CPU
		{D3106412-E3AF-4CB6-B6D3-3664465B491F}.Debug|Mixed Platforms.ActiveCfg = Debug|Any CPU
		{D3106412-E3AF-4CB6-B6D3-3664465B491F}.Debug|Mixed Platforms.Build.0 = Debug|Any CPU
		{D3106412-E3AF-4CB6-B6D3-3664465B491F}.Debug|x86.ActiveCfg = Debug|Any CPU
		{D3106412-E3AF-4CB6-B6D3-3664465B491F}.Mono Debug|Any CPU.ActiveCfg = Mono Debug|Any CPU
		{D3106412-E3AF-4CB6-B6D3-3664465B491F}.Mono Debug|Any CPU.Build.0 = Mono Debug|Any CPU
		{D3106412-E3AF-4CB6-B6D3-3664465B491F}.Mono Debug|Mixed Platforms.ActiveCfg = Mono Debug|Any CPU
		{D3106412-E3AF-4CB6-B6D3-3664465B491F}.Mono Debug|Mixed Platforms.Build.0 = Mono Debug|Any CPU
		{D3106412-E3AF-4CB6-B6D3-3664465B491F}.Mono Debug|x86.ActiveCfg = Mono Debug|Any CPU
		{D3106412-E3AF-4CB6-B6D3-3664465B491F}.Mono Release|Any CPU.ActiveCfg = Mono Release|Any CPU
		{D3106412-E3AF-4CB6-B6D3-3664465B491F}.Mono Release|Any CPU.Build.0 = Mono Release|Any CPU
		{D3106412-E3AF-4CB6-B6D3-3664465B491F}.Mono Release|Mixed Platforms.ActiveCfg = Mono Release|Any CPU
		{D3106412-E3AF-4CB6-B6D3-3664465B491F}.Mono Release|Mixed Platforms.Build.0 = Mono Release|Any CPU
		{D3106412-E3AF-4CB6-B6D3-3664465B491F}.Mono Release|x86.ActiveCfg = Mono Release|Any CPU
		{D3106412-E3AF-4CB6-B6D3-3664465B491F}.Release|Any CPU.ActiveCfg = Release|Any CPU
		{D3106412-E3AF-4CB6-B6D3-3664465B491F}.Release|Any CPU.Build.0 = Release|Any CPU
		{D3106412-E3AF-4CB6-B6D3-3664465B491F}.Release|Mixed Platforms.ActiveCfg = Release|Any CPU
		{D3106412-E3AF-4CB6-B6D3-3664465B491F}.Release|Mixed Platforms.Build.0 = Release|Any CPU
		{D3106412-E3AF-4CB6-B6D3-3664465B491F}.Release|x86.ActiveCfg = Release|Any CPU
		{5376E601-D111-4198-8BC2-F1118433CC83}.Coverage|Any CPU.ActiveCfg = Coverage|Any CPU
		{5376E601-D111-4198-8BC2-F1118433CC83}.Coverage|Any CPU.Build.0 = Coverage|Any CPU
		{5376E601-D111-4198-8BC2-F1118433CC83}.Coverage|Mixed Platforms.ActiveCfg = Coverage|Any CPU
		{5376E601-D111-4198-8BC2-F1118433CC83}.Coverage|Mixed Platforms.Build.0 = Coverage|Any CPU
		{5376E601-D111-4198-8BC2-F1118433CC83}.Coverage|x86.ActiveCfg = Coverage|Any CPU
		{5376E601-D111-4198-8BC2-F1118433CC83}.Debug|Any CPU.ActiveCfg = Debug|Any CPU
		{5376E601-D111-4198-8BC2-F1118433CC83}.Debug|Any CPU.Build.0 = Debug|Any CPU
		{5376E601-D111-4198-8BC2-F1118433CC83}.Debug|Mixed Platforms.ActiveCfg = Debug|Any CPU
		{5376E601-D111-4198-8BC2-F1118433CC83}.Debug|Mixed Platforms.Build.0 = Debug|Any CPU
		{5376E601-D111-4198-8BC2-F1118433CC83}.Debug|x86.ActiveCfg = Debug|Any CPU
		{5376E601-D111-4198-8BC2-F1118433CC83}.Mono Debug|Any CPU.ActiveCfg = Mono Debug|Any CPU
		{5376E601-D111-4198-8BC2-F1118433CC83}.Mono Debug|Any CPU.Build.0 = Mono Debug|Any CPU
		{5376E601-D111-4198-8BC2-F1118433CC83}.Mono Debug|Mixed Platforms.ActiveCfg = Mono Debug|Any CPU
		{5376E601-D111-4198-8BC2-F1118433CC83}.Mono Debug|Mixed Platforms.Build.0 = Mono Debug|Any CPU
		{5376E601-D111-4198-8BC2-F1118433CC83}.Mono Debug|x86.ActiveCfg = Mono Debug|Any CPU
		{5376E601-D111-4198-8BC2-F1118433CC83}.Mono Release|Any CPU.ActiveCfg = Mono Release|Any CPU
		{5376E601-D111-4198-8BC2-F1118433CC83}.Mono Release|Any CPU.Build.0 = Mono Release|Any CPU
		{5376E601-D111-4198-8BC2-F1118433CC83}.Mono Release|Mixed Platforms.ActiveCfg = Mono Release|Any CPU
		{5376E601-D111-4198-8BC2-F1118433CC83}.Mono Release|Mixed Platforms.Build.0 = Mono Release|Any CPU
		{5376E601-D111-4198-8BC2-F1118433CC83}.Mono Release|x86.ActiveCfg = Mono Release|Any CPU
		{5376E601-D111-4198-8BC2-F1118433CC83}.Release|Any CPU.ActiveCfg = Release|Any CPU
		{5376E601-D111-4198-8BC2-F1118433CC83}.Release|Any CPU.Build.0 = Release|Any CPU
		{5376E601-D111-4198-8BC2-F1118433CC83}.Release|Mixed Platforms.ActiveCfg = Release|Any CPU
		{5376E601-D111-4198-8BC2-F1118433CC83}.Release|Mixed Platforms.Build.0 = Release|Any CPU
		{5376E601-D111-4198-8BC2-F1118433CC83}.Release|x86.ActiveCfg = Release|Any CPU
		{135A5956-39CD-495C-8FB2-06678A90488D}.Coverage|Any CPU.ActiveCfg = Coverage|Any CPU
		{135A5956-39CD-495C-8FB2-06678A90488D}.Coverage|Any CPU.Build.0 = Coverage|Any CPU
		{135A5956-39CD-495C-8FB2-06678A90488D}.Coverage|Mixed Platforms.ActiveCfg = Coverage|Any CPU
		{135A5956-39CD-495C-8FB2-06678A90488D}.Coverage|Mixed Platforms.Build.0 = Coverage|Any CPU
		{135A5956-39CD-495C-8FB2-06678A90488D}.Coverage|x86.ActiveCfg = Coverage|Any CPU
		{135A5956-39CD-495C-8FB2-06678A90488D}.Debug|Any CPU.ActiveCfg = Debug|Any CPU
		{135A5956-39CD-495C-8FB2-06678A90488D}.Debug|Any CPU.Build.0 = Debug|Any CPU
		{135A5956-39CD-495C-8FB2-06678A90488D}.Debug|Mixed Platforms.ActiveCfg = Debug|Any CPU
		{135A5956-39CD-495C-8FB2-06678A90488D}.Debug|Mixed Platforms.Build.0 = Debug|Any CPU
		{135A5956-39CD-495C-8FB2-06678A90488D}.Debug|x86.ActiveCfg = Debug|Any CPU
		{135A5956-39CD-495C-8FB2-06678A90488D}.Mono Debug|Any CPU.ActiveCfg = Mono Debug|Any CPU
		{135A5956-39CD-495C-8FB2-06678A90488D}.Mono Debug|Any CPU.Build.0 = Mono Debug|Any CPU
		{135A5956-39CD-495C-8FB2-06678A90488D}.Mono Debug|Mixed Platforms.ActiveCfg = Mono Debug|Any CPU
		{135A5956-39CD-495C-8FB2-06678A90488D}.Mono Debug|Mixed Platforms.Build.0 = Mono Debug|Any CPU
		{135A5956-39CD-495C-8FB2-06678A90488D}.Mono Debug|x86.ActiveCfg = Mono Debug|Any CPU
		{135A5956-39CD-495C-8FB2-06678A90488D}.Mono Release|Any CPU.ActiveCfg = Mono Release|Any CPU
		{135A5956-39CD-495C-8FB2-06678A90488D}.Mono Release|Any CPU.Build.0 = Mono Release|Any CPU
		{135A5956-39CD-495C-8FB2-06678A90488D}.Mono Release|Mixed Platforms.ActiveCfg = Mono Release|Any CPU
		{135A5956-39CD-495C-8FB2-06678A90488D}.Mono Release|Mixed Platforms.Build.0 = Mono Release|Any CPU
		{135A5956-39CD-495C-8FB2-06678A90488D}.Mono Release|x86.ActiveCfg = Mono Release|Any CPU
		{135A5956-39CD-495C-8FB2-06678A90488D}.Release|Any CPU.ActiveCfg = Release|Any CPU
		{135A5956-39CD-495C-8FB2-06678A90488D}.Release|Any CPU.Build.0 = Release|Any CPU
		{135A5956-39CD-495C-8FB2-06678A90488D}.Release|Mixed Platforms.ActiveCfg = Release|Any CPU
		{135A5956-39CD-495C-8FB2-06678A90488D}.Release|Mixed Platforms.Build.0 = Release|Any CPU
		{135A5956-39CD-495C-8FB2-06678A90488D}.Release|x86.ActiveCfg = Release|Any CPU
		{F016882A-C798-4446-BB75-D3C393A38B32}.Coverage|Any CPU.ActiveCfg = Coverage|Any CPU
		{F016882A-C798-4446-BB75-D3C393A38B32}.Coverage|Any CPU.Build.0 = Coverage|Any CPU
		{F016882A-C798-4446-BB75-D3C393A38B32}.Coverage|Mixed Platforms.ActiveCfg = Coverage|Any CPU
		{F016882A-C798-4446-BB75-D3C393A38B32}.Coverage|Mixed Platforms.Build.0 = Coverage|Any CPU
		{F016882A-C798-4446-BB75-D3C393A38B32}.Coverage|x86.ActiveCfg = Coverage|Any CPU
		{F016882A-C798-4446-BB75-D3C393A38B32}.Debug|Any CPU.ActiveCfg = Debug|Any CPU
		{F016882A-C798-4446-BB75-D3C393A38B32}.Debug|Any CPU.Build.0 = Debug|Any CPU
		{F016882A-C798-4446-BB75-D3C393A38B32}.Debug|Mixed Platforms.ActiveCfg = Debug|Any CPU
		{F016882A-C798-4446-BB75-D3C393A38B32}.Debug|Mixed Platforms.Build.0 = Debug|Any CPU
		{F016882A-C798-4446-BB75-D3C393A38B32}.Debug|x86.ActiveCfg = Debug|Any CPU
		{F016882A-C798-4446-BB75-D3C393A38B32}.Mono Debug|Any CPU.ActiveCfg = Mono Debug|Any CPU
		{F016882A-C798-4446-BB75-D3C393A38B32}.Mono Debug|Any CPU.Build.0 = Mono Debug|Any CPU
		{F016882A-C798-4446-BB75-D3C393A38B32}.Mono Debug|Mixed Platforms.ActiveCfg = Mono Debug|Any CPU
		{F016882A-C798-4446-BB75-D3C393A38B32}.Mono Debug|Mixed Platforms.Build.0 = Mono Debug|Any CPU
		{F016882A-C798-4446-BB75-D3C393A38B32}.Mono Debug|x86.ActiveCfg = Mono Debug|Any CPU
		{F016882A-C798-4446-BB75-D3C393A38B32}.Mono Release|Any CPU.ActiveCfg = Mono Release|Any CPU
		{F016882A-C798-4446-BB75-D3C393A38B32}.Mono Release|Any CPU.Build.0 = Mono Release|Any CPU
		{F016882A-C798-4446-BB75-D3C393A38B32}.Mono Release|Mixed Platforms.ActiveCfg = Mono Release|Any CPU
		{F016882A-C798-4446-BB75-D3C393A38B32}.Mono Release|Mixed Platforms.Build.0 = Mono Release|Any CPU
		{F016882A-C798-4446-BB75-D3C393A38B32}.Mono Release|x86.ActiveCfg = Mono Release|Any CPU
		{F016882A-C798-4446-BB75-D3C393A38B32}.Release|Any CPU.ActiveCfg = Release|Any CPU
		{F016882A-C798-4446-BB75-D3C393A38B32}.Release|Any CPU.Build.0 = Release|Any CPU
		{F016882A-C798-4446-BB75-D3C393A38B32}.Release|Mixed Platforms.ActiveCfg = Release|Any CPU
		{F016882A-C798-4446-BB75-D3C393A38B32}.Release|Mixed Platforms.Build.0 = Release|Any CPU
		{F016882A-C798-4446-BB75-D3C393A38B32}.Release|x86.ActiveCfg = Release|Any CPU
		{D194D84B-B4FA-4BC8-AC16-B9AD341D4779}.Coverage|Any CPU.ActiveCfg = Release|Any CPU
		{D194D84B-B4FA-4BC8-AC16-B9AD341D4779}.Coverage|Any CPU.Build.0 = Release|Any CPU
		{D194D84B-B4FA-4BC8-AC16-B9AD341D4779}.Coverage|Mixed Platforms.ActiveCfg = Release|Any CPU
		{D194D84B-B4FA-4BC8-AC16-B9AD341D4779}.Coverage|Mixed Platforms.Build.0 = Release|Any CPU
		{D194D84B-B4FA-4BC8-AC16-B9AD341D4779}.Coverage|x86.ActiveCfg = Release|Any CPU
		{D194D84B-B4FA-4BC8-AC16-B9AD341D4779}.Debug|Any CPU.ActiveCfg = Debug|Any CPU
		{D194D84B-B4FA-4BC8-AC16-B9AD341D4779}.Debug|Any CPU.Build.0 = Debug|Any CPU
		{D194D84B-B4FA-4BC8-AC16-B9AD341D4779}.Debug|Mixed Platforms.ActiveCfg = Debug|Any CPU
		{D194D84B-B4FA-4BC8-AC16-B9AD341D4779}.Debug|Mixed Platforms.Build.0 = Debug|Any CPU
		{D194D84B-B4FA-4BC8-AC16-B9AD341D4779}.Debug|x86.ActiveCfg = Debug|Any CPU
		{D194D84B-B4FA-4BC8-AC16-B9AD341D4779}.Mono Debug|Any CPU.ActiveCfg = Debug|Any CPU
		{D194D84B-B4FA-4BC8-AC16-B9AD341D4779}.Mono Debug|Any CPU.Build.0 = Debug|Any CPU
		{D194D84B-B4FA-4BC8-AC16-B9AD341D4779}.Mono Debug|Mixed Platforms.ActiveCfg = Debug|Any CPU
		{D194D84B-B4FA-4BC8-AC16-B9AD341D4779}.Mono Debug|Mixed Platforms.Build.0 = Debug|Any CPU
		{D194D84B-B4FA-4BC8-AC16-B9AD341D4779}.Mono Debug|x86.ActiveCfg = Debug|Any CPU
		{D194D84B-B4FA-4BC8-AC16-B9AD341D4779}.Mono Release|Any CPU.ActiveCfg = Release|Any CPU
		{D194D84B-B4FA-4BC8-AC16-B9AD341D4779}.Mono Release|Any CPU.Build.0 = Release|Any CPU
		{D194D84B-B4FA-4BC8-AC16-B9AD341D4779}.Mono Release|Mixed Platforms.ActiveCfg = Release|Any CPU
		{D194D84B-B4FA-4BC8-AC16-B9AD341D4779}.Mono Release|Mixed Platforms.Build.0 = Release|Any CPU
		{D194D84B-B4FA-4BC8-AC16-B9AD341D4779}.Mono Release|x86.ActiveCfg = Release|Any CPU
		{D194D84B-B4FA-4BC8-AC16-B9AD341D4779}.Release|Any CPU.ActiveCfg = Release|Any CPU
		{D194D84B-B4FA-4BC8-AC16-B9AD341D4779}.Release|Any CPU.Build.0 = Release|Any CPU
		{D194D84B-B4FA-4BC8-AC16-B9AD341D4779}.Release|Mixed Platforms.ActiveCfg = Release|Any CPU
		{D194D84B-B4FA-4BC8-AC16-B9AD341D4779}.Release|Mixed Platforms.Build.0 = Release|Any CPU
		{D194D84B-B4FA-4BC8-AC16-B9AD341D4779}.Release|x86.ActiveCfg = Release|Any CPU
	EndGlobalSection
	GlobalSection(SolutionProperties) = preSolution
		HideSolutionNode = FALSE
	EndGlobalSection
	GlobalSection(NestedProjects) = preSolution
		{AA5B27C8-1047-4088-8602-B4B151973118} = {34AC81D5-D41C-48C3-8779-CD79700E1E63}
		{EBEB46B5-3683-4D9F-939B-B1B2BBEEA369} = {34AC81D5-D41C-48C3-8779-CD79700E1E63}
		{275D3B21-40CC-4DAF-A363-E00D5A712617} = {34AC81D5-D41C-48C3-8779-CD79700E1E63}
		{2270C018-364A-47DD-BC2E-0095C8E8DEAF} = {36DAFA4E-0F8B-45BA-B5A8-8382E79316C1}
		{8A7E33BF-1AC2-432D-BD5C-976D8386FD97} = {36DAFA4E-0F8B-45BA-B5A8-8382E79316C1}
		{B953E5C8-ECBB-489E-A5A4-6AC64ABDCB2E} = {36DAFA4E-0F8B-45BA-B5A8-8382E79316C1}
		{8AC045FA-7375-4D7D-BDD3-D56E9B7E1E34} = {36DAFA4E-0F8B-45BA-B5A8-8382E79316C1}
		{D194D84B-B4FA-4BC8-AC16-B9AD341D4779} = {36DAFA4E-0F8B-45BA-B5A8-8382E79316C1}
		{5470580D-5B9D-4667-8587-4A3E76EBA7C5} = {870C66B4-8876-4714-B3C4-10BF4456779A}
		{26CC7D7C-A1BC-4A11-9DC9-FB18904CA937} = {870C66B4-8876-4714-B3C4-10BF4456779A}
		{F879F274-EFA0-4157-8404-33A19B4E6AEC} = {299D82C3-D301-4ACC-B008-546B86DF005B}
		{B34A6632-E627-4B66-8E0A-D2DA3BC96893} = {299D82C3-D301-4ACC-B008-546B86DF005B}
		{F1E146F1-2FF9-4F7B-B758-7AE6E7C5CB1F} = {299D82C3-D301-4ACC-B008-546B86DF005B}
		{D3106412-E3AF-4CB6-B6D3-3664465B491F} = {F1E146F1-2FF9-4F7B-B758-7AE6E7C5CB1F}
		{5376E601-D111-4198-8BC2-F1118433CC83} = {F1E146F1-2FF9-4F7B-B758-7AE6E7C5CB1F}
		{135A5956-39CD-495C-8FB2-06678A90488D} = {F1E146F1-2FF9-4F7B-B758-7AE6E7C5CB1F}
		{F016882A-C798-4446-BB75-D3C393A38B32} = {F1E146F1-2FF9-4F7B-B758-7AE6E7C5CB1F}
	EndGlobalSection
EndGlobal
